// !$*UTF8*$!
{
	archiveVersion = 1;
	classes = {
	};
	objectVersion = 46;
	objects = {

/* Begin PBXBuildFile section */
		2442B6031BEAFDD2002E3046 /* main.m in Sources */ = {isa = PBXBuildFile; fileRef = 2442B6021BEAFDD2002E3046 /* main.m */; };
		2442B6061BEAFDD2002E3046 /* AppDelegate.m in Sources */ = {isa = PBXBuildFile; fileRef = 2442B6051BEAFDD2002E3046 /* AppDelegate.m */; };
		2442B6091BEAFDD2002E3046 /* ViewController.m in Sources */ = {isa = PBXBuildFile; fileRef = 2442B6081BEAFDD2002E3046 /* ViewController.m */; };
		2442B60C1BEAFDD2002E3046 /* Main.storyboard in Resources */ = {isa = PBXBuildFile; fileRef = 2442B60A1BEAFDD2002E3046 /* Main.storyboard */; };
		2442B60E1BEAFDD2002E3046 /* Assets.xcassets in Resources */ = {isa = PBXBuildFile; fileRef = 2442B60D1BEAFDD2002E3046 /* Assets.xcassets */; };
		2442B6111BEAFDD2002E3046 /* LaunchScreen.storyboard in Resources */ = {isa = PBXBuildFile; fileRef = 2442B60F1BEAFDD2002E3046 /* LaunchScreen.storyboard */; };
		2442B6191BEAFE07002E3046 /* CoreLocation.framework in Frameworks */ = {isa = PBXBuildFile; fileRef = 2442B6181BEAFE07002E3046 /* CoreLocation.framework */; };
		2442B61B1BEAFE12002E3046 /* MapKit.framework in Frameworks */ = {isa = PBXBuildFile; fileRef = 2442B61A1BEAFE12002E3046 /* MapKit.framework */; };
/* End PBXBuildFile section */

/* Begin PBXFileReference section */
		2442B5FE1BEAFDD2002E3046 /* MapKitDemo.app */ = {isa = PBXFileReference; explicitFileType = wrapper.application; includeInIndex = 0; path = MapKitDemo.app; sourceTree = BUILT_PRODUCTS_DIR; };
		2442B6021BEAFDD2002E3046 /* main.m */ = {isa = PBXFileReference; lastKnownFileType = sourcecode.c.objc; path = main.m; sourceTree = "<group>"; };
		2442B6041BEAFDD2002E3046 /* AppDelegate.h */ = {isa = PBXFileReference; lastKnownFileType = sourcecode.c.h; path = AppDelegate.h; sourceTree = "<group>"; };
		2442B6051BEAFDD2002E3046 /* AppDelegate.m */ = {isa = PBXFileReference; lastKnownFileType = sourcecode.c.objc; path = AppDelegate.m; sourceTree = "<group>"; };
		2442B6071BEAFDD2002E3046 /* ViewController.h */ = {isa = PBXFileReference; lastKnownFileType = sourcecode.c.h; path = ViewController.h; sourceTree = "<group>"; };
		2442B6081BEAFDD2002E3046 /* ViewController.m */ = {isa = PBXFileReference; lastKnownFileType = sourcecode.c.objc; path = ViewController.m; sourceTree = "<group>"; };
		2442B60B1BEAFDD2002E3046 /* Base */ = {isa = PBXFileReference; lastKnownFileType = file.storyboard; name = Base; path = Base.lproj/Main.storyboard; sourceTree = "<group>"; };
		2442B60D1BEAFDD2002E3046 /* Assets.xcassets */ = {isa = PBXFileReference; lastKnownFileType = folder.assetcatalog; path = Assets.xcassets; sourceTree = "<group>"; };
		2442B6101BEAFDD2002E3046 /* Base */ = {isa = PBXFileReference; lastKnownFileType = file.storyboard; name = Base; path = Base.lproj/LaunchScreen.storyboard; sourceTree = "<group>"; };
		2442B6121BEAFDD2002E3046 /* Info.plist */ = {isa = PBXFileReference; lastKnownFileType = text.plist.xml; path = Info.plist; sourceTree = "<group>"; };
		2442B6181BEAFE07002E3046 /* CoreLocation.framework */ = {isa = PBXFileReference; lastKnownFileType = wrapper.framework; name = CoreLocation.framework; path = System/Library/Frameworks/CoreLocation.framework; sourceTree = SDKROOT; };
		2442B61A1BEAFE12002E3046 /* MapKit.framework */ = {isa = PBXFileReference; lastKnownFileType = wrapper.framework; name = MapKit.framework; path = System/Library/Frameworks/MapKit.framework; sourceTree = SDKROOT; };
/* End PBXFileReference section */

/* Begin PBXFrameworksBuildPhase section */
		2442B5FB1BEAFDD2002E3046 /* Frameworks */ = {
			isa = PBXFrameworksBuildPhase;
			buildActionMask = 2147483647;
			files = (
				2442B61B1BEAFE12002E3046 /* MapKit.framework in Frameworks */,
				2442B6191BEAFE07002E3046 /* CoreLocation.framework in Frameworks */,
			);
			runOnlyForDeploymentPostprocessing = 0;
		};
/* End PBXFrameworksBuildPhase section */

/* Begin PBXGroup section */
		2442B5F51BEAFDD2002E3046 = {
			isa = PBXGroup;
			children = (
				2442B61A1BEAFE12002E3046 /* MapKit.framework */,
				2442B6181BEAFE07002E3046 /* CoreLocation.framework */,
				2442B6001BEAFDD2002E3046 /* MapKitDemo */,
				2442B5FF1BEAFDD2002E3046 /* Products */,
			);
			sourceTree = "<group>";
		};
		2442B5FF1BEAFDD2002E3046 /* Products */ = {
			isa = PBXGroup;
			children = (
				2442B5FE1BEAFDD2002E3046 /* MapKitDemo.app */,
			);
			name = Products;
			sourceTree = "<group>";
		};
		2442B6001BEAFDD2002E3046 /* MapKitDemo */ = {
			isa = PBXGroup;
			children = (
				2442B6041BEAFDD2002E3046 /* AppDelegate.h */,
				2442B6051BEAFDD2002E3046 /* AppDelegate.m */,
				2442B6071BEAFDD2002E3046 /* ViewController.h */,
				2442B6081BEAFDD2002E3046 /* ViewController.m */,
				2442B60A1BEAFDD2002E3046 /* Main.storyboard */,
				2442B60D1BEAFDD2002E3046 /* Assets.xcassets */,
				2442B60F1BEAFDD2002E3046 /* LaunchScreen.storyboard */,
				2442B6121BEAFDD2002E3046 /* Info.plist */,
				2442B6011BEAFDD2002E3046 /* Supporting Files */,
			);
			path = MapKitDemo;
			sourceTree = "<group>";
		};
		2442B6011BEAFDD2002E3046 /* Supporting Files */ = {
			isa = PBXGroup;
			children = (
				2442B6021BEAFDD2002E3046 /* main.m */,
			);
			name = "Supporting Files";
			sourceTree = "<group>";
		};
/* End PBXGroup section */

/* Begin PBXNativeTarget section */
		2442B5FD1BEAFDD2002E3046 /* MapKitDemo */ = {
			isa = PBXNativeTarget;
			buildConfigurationList = 2442B6151BEAFDD2002E3046 /* Build configuration list for PBXNativeTarget "MapKitDemo" */;
			buildPhases = (
				2442B5FA1BEAFDD2002E3046 /* Sources */,
				2442B5FB1BEAFDD2002E3046 /* Frameworks */,
				2442B5FC1BEAFDD2002E3046 /* Resources */,
			);
			buildRules = (
			);
			dependencies = (
			);
			name = MapKitDemo;
			productName = MapKitDemo;
			productReference = 2442B5FE1BEAFDD2002E3046 /* MapKitDemo.app */;
			productType = "com.apple.product-type.application";
		};
/* End PBXNativeTarget section */

/* Begin PBXProject section */
		2442B5F61BEAFDD2002E3046 /* Project object */ = {
			isa = PBXProject;
			attributes = {
				LastUpgradeCheck = 0700;
				ORGANIZATIONNAME = Tsz;
				TargetAttributes = {
					2442B5FD1BEAFDD2002E3046 = {
						CreatedOnToolsVersion = 7.0;
					};
				};
			};
			buildConfigurationList = 2442B5F91BEAFDD2002E3046 /* Build configuration list for PBXProject "MapKitDemo" */;
			compatibilityVersion = "Xcode 3.2";
			developmentRegion = English;
			hasScannedForEncodings = 0;
			knownRegions = (
				en,
				Base,
			);
			mainGroup = 2442B5F51BEAFDD2002E3046;
			productRefGroup = 2442B5FF1BEAFDD2002E3046 /* Products */;
			projectDirPath = "";
			projectRoot = "";
			targets = (
				2442B5FD1BEAFDD2002E3046 /* MapKitDemo */,
			);
		};
/* End PBXProject section */

/* Begin PBXResourcesBuildPhase section */
		2442B5FC1BEAFDD2002E3046 /* Resources */ = {
			isa = PBXResourcesBuildPhase;
			buildActionMask = 2147483647;
			files = (
				2442B6111BEAFDD2002E3046 /* LaunchScreen.storyboard in Resources */,
				2442B60E1BEAFDD2002E3046 /* Assets.xcassets in Resources */,
				2442B60C1BEAFDD2002E3046 /* Main.storyboard in Resources */,
			);
			runOnlyForDeploymentPostprocessing = 0;
		};
/* End PBXResourcesBuildPhase section */

/* Begin PBXSourcesBuildPhase section */
		2442B5FA1BEAFDD2002E3046 /* Sources */ = {
			isa = PBXSourcesBuildPhase;
			buildActionMask = 2147483647;
			files = (
				2442B6091BEAFDD2002E3046 /* ViewController.m in Sources */,
				2442B6061BEAFDD2002E3046 /* AppDelegate.m in Sources */,
				2442B6031BEAFDD2002E3046 /* main.m in Sources */,
			);
			runOnlyForDeploymentPostprocessing = 0;
		};
/* End PBXSourcesBuildPhase section */

/* Begin PBXVariantGroup section */
		2442B60A1BEAFDD2002E3046 /* Main.storyboard */ = {
			isa = PBXVariantGroup;
			children = (
				2442B60B1BEAFDD2002E3046 /* Base */,
			);
			name = Main.storyboard;
			sourceTree = "<group>";
		};
		2442B60F1BEAFDD2002E3046 /* LaunchScreen.storyboard */ = {
			isa = PBXVariantGroup;
			children = (
				2442B6101BEAFDD2002E3046 /* Base */,
			);
			name = LaunchScreen.storyboard;
			sourceTree = "<group>";
		};
/* End PBXVariantGroup section */

/* Begin XCBuildConfiguration section */
		2442B6131BEAFDD2002E3046 /* Debug */ = {
			isa = XCBuildConfiguration;
			buildSettings = {
				ALWAYS_SEARCH_USER_PATHS = NO;
				CLANG_CXX_LANGUAGE_STANDARD = "gnu++0x";
				CLANG_CXX_LIBRARY = "libc++";
				CLANG_ENABLE_MODULES = YES;
				CLANG_ENABLE_OBJC_ARC = YES;
				CLANG_WARN_BOOL_CONVERSION = YES;
				CLANG_WARN_CONSTANT_CONVERSION = YES;
				CLANG_WARN_DIRECT_OBJC_ISA_USAGE = YES_ERROR;
				CLANG_WARN_EMPTY_BODY = YES;
				CLANG_WARN_ENUM_CONVERSION = YES;
				CLANG_WARN_INT_CONVERSION = YES;
				CLANG_WARN_OBJC_ROOT_CLASS = YES_ERROR;
				CLANG_WARN_UNREACHABLE_CODE = YES;
				CLANG_WARN__DUPLICATE_METHOD_MATCH = YES;
				"CODE_SIGN_IDENTITY[sdk=iphoneos*]" = "iPhone Developer";
				COPY_PHASE_STRIP = NO;
				DEBUG_INFORMATION_FORMAT = dwarf;
				ENABLE_STRICT_OBJC_MSGSEND = YES;
				ENABLE_TESTABILITY = YES;
				GCC_C_LANGUAGE_STANDARD = gnu99;
				GCC_DYNAMIC_NO_PIC = NO;
				GCC_NO_COMMON_BLOCKS = YES;
				GCC_OPTIMIZATION_LEVEL = 0;
				GCC_PREPROCESSOR_DEFINITIONS = (
					"DEBUG=1",
					"$(inherited)",
				);
				GCC_WARN_64_TO_32_BIT_CONVERSION = YES;
				GCC_WARN_ABOUT_RETURN_TYPE = YES_ERROR;
				GCC_WARN_UNDECLARED_SELECTOR = YES;
				GCC_WARN_UNINITIALIZED_AUTOS = YES_AGGRESSIVE;
				GCC_WARN_UNUSED_FUNCTION = YES;
				GCC_WARN_UNUSED_VARIABLE = YES;
				IPHONEOS_DEPLOYMENT_TARGET = 9.0;
				MTL_ENABLE_DEBUG_INFO = YES;
				ONLY_ACTIVE_ARCH = YES;
				SDKROOT = iphoneos;
				TARGETED_DEVICE_FAMILY = "1,2";
			};
			name = Debug;
		};
		2442B6141BEAFDD2002E3046 /* Release */ = {
			isa = XCBuildConfiguration;
			buildSettings = {
				ALWAYS_SEARCH_USER_PATHS = NO;
				CLANG_CXX_LANGUAGE_STANDARD = "gnu++0x";
				CLANG_CXX_LIBRARY = "libc++";
				CLANG_ENABLE_MODULES = YES;
				CLANG_ENABLE_OBJC_ARC = YES;
				CLANG_WARN_BOOL_CONVERSION = YES;
				CLANG_WARN_CONSTANT_CONVERSION = YES;
				CLANG_WARN_DIRECT_OBJC_ISA_USAGE = YES_ERROR;
				CLANG_WARN_EMPTY_BODY = YES;
				CLANG_WARN_ENUM_CONVERSION = YES;
				CLANG_WARN_INT_CONVERSION = YES;
				CLANG_WARN_OBJC_ROOT_CLASS = YES_ERROR;
				CLANG_WARN_UNREACHABLE_CODE = YES;
				CLANG_WARN__DUPLICATE_METHOD_MATCH = YES;
				"CODE_SIGN_IDENTITY[sdk=iphoneos*]" = "iPhone Developer";
				COPY_PHASE_STRIP = NO;
				DEBUG_INFORMATION_FORMAT = "dwarf-with-dsym";
				ENABLE_NS_ASSERTIONS = NO;
				ENABLE_STRICT_OBJC_MSGSEND = YES;
				GCC_C_LANGUAGE_STANDARD = gnu99;
				GCC_NO_COMMON_BLOCKS = YES;
				GCC_WARN_64_TO_32_BIT_CONVERSION = YES;
				GCC_WARN_ABOUT_RETURN_TYPE = YES_ERROR;
				GCC_WARN_UNDECLARED_SELECTOR = YES;
				GCC_WARN_UNINITIALIZED_AUTOS = YES_AGGRESSIVE;
				GCC_WARN_UNUSED_FUNCTION = YES;
				GCC_WARN_UNUSED_VARIABLE = YES;
				IPHONEOS_DEPLOYMENT_TARGET = 9.0;
				MTL_ENABLE_DEBUG_INFO = NO;
				SDKROOT = iphoneos;
				TARGETED_DEVICE_FAMILY = "1,2";
				VALIDATE_PRODUCT = YES;
			};
			name = Release;
		};
		2442B6161BEAFDD2002E3046 /* Debug */ = {
			isa = XCBuildConfiguration;
			buildSettings = {
				ASSETCATALOG_COMPILER_APPICON_NAME = AppIcon;
				INFOPLIST_FILE = MapKitDemo/Info.plist;
				LD_RUNPATH_SEARCH_PATHS = "$(inherited) @executable_path/Frameworks";
				PRODUCT_BUNDLE_IDENTIFIER = tsz.MapKitDemo;
				PRODUCT_NAME = "$(TARGET_NAME)";
			};
			name = Debug;
		};
		2442B6171BEAFDD2002E3046 /* Release */ = {
			isa = XCBuildConfiguration;
			buildSettings = {
				ASSETCATALOG_COMPILER_APPICON_NAME = AppIcon;
				INFOPLIST_FILE = MapKitDemo/Info.plist;
				LD_RUNPATH_SEARCH_PATHS = "$(inherited) @executable_path/Frameworks";
				PRODUCT_BUNDLE_IDENTIFIER = tsz.MapKitDemo;
				PRODUCT_NAME = "$(TARGET_NAME)";
			};
			name = Release;
		};
/* End XCBuildConfiguration section */

/* Begin XCConfigurationList section */
		2442B5F91BEAFDD2002E3046 /* Build configuration list for PBXProject "MapKitDemo" */ = {
			isa = XCConfigurationList;
			buildConfigurations = (
				2442B6131BEAFDD2002E3046 /* Debug */,
				2442B6141BEAFDD2002E3046 /* Release */,
			);
			defaultConfigurationIsVisible = 0;
			defaultConfigurationName = Release;
		};
		2442B6151BEAFDD2002E3046 /* Build configuration list for PBXNativeTarget "MapKitDemo" */ = {
			isa = XCConfigurationList;
			buildConfigurations = (
				2442B6161BEAFDD2002E3046 /* Debug */,
				2442B6171BEAFDD2002E3046 /* Release */,
			);
			defaultConfigurationIsVisible = 0;
		};
/* End XCConfigurationList section */
	};
	rootObject = 2442B5F61BEAFDD2002E3046 /* Project object */;
}
